
Microsoft Visual Studio Solution File, Format Version 12.00
# Visual Studio Version 17
VisualStudioVersion = 17.0.31912.275
MinimumVisualStudioVersion = 10.0.40219.1
Project("{FAE04EC0-301F-11D3-BF4B-00C04F79EFBC}") = "Delta.Web.Api", "Delta.Web.Api\Delta.Web.Api.csproj", "{4C32C4CF-BD4A-4F0E-8E9A-DE89B0511850}"
EndProject
Global
	GlobalSection(SolutionConfigurationPlatforms) = preSolution
		Debug|Any CPU = Debug|Any CPU
		Release|Any CPU = Release|Any CPU
	EndGlobalSection
	GlobalSection(ProjectConfigurationPlatforms) = postSolution
		{4C32C4CF-BD4A-4F0E-8E9A-DE89B0511850}.Debug|Any CPU.ActiveCfg = Debug|Any CPU
		{4C32C4CF-BD4A-4F0E-8E9A-DE89B0511850}.Debug|Any CPU.Build.0 = Debug|Any CPU
		{4C32C4CF-BD4A-4F0E-8E9A-DE89B0511850}.Release|Any CPU.ActiveCfg = Release|Any CPU
		{4C32C4CF-BD4A-4F0E-8E9A-DE89B0511850}.Release|Any CPU.Build.0 = Release|Any CPU
	EndGlobalSection
	GlobalSection(SolutionProperties) = preSolution
		HideSolutionNode = FALSE
	EndGlobalSection
	GlobalSection(ExtensibilityGlobals) = postSolution
		SolutionGuid = {FB20AEA6-184A-49C9-B4AB-8484D84A6756}
	EndGlobalSection
EndGlobal
